
Microsoft Visual Studio Solution File, Format Version 12.00
# Visual Studio Version 16
VisualStudioVersion = 16.0.30907.101
MinimumVisualStudioVersion = 10.0.40219.1
Project("{FAE04EC0-301F-11D3-BF4B-00C04F79EFBC}") = "course_work", "course_work\course_work.csproj", "{CF8A9537-636B-4F03-99E9-6F60E77FCB7C}"
EndProject
Global
	GlobalSection(SolutionConfigurationPlatforms) = preSolution
		Debug|Any CPU = Debug|Any CPU
		Release|Any CPU = Release|Any CPU
	EndGlobalSection
	GlobalSection(ProjectConfigurationPlatforms) = postSolution
		{CF8A9537-636B-4F03-99E9-6F60E77FCB7C}.Debug|Any CPU.ActiveCfg = Debug|Any CPU
		{CF8A9537-636B-4F03-99E9-6F60E77FCB7C}.Debug|Any CPU.Build.0 = Debug|Any CPU
		{CF8A9537-636B-4F03-99E9-6F60E77FCB7C}.Release|Any CPU.ActiveCfg = Release|Any CPU
		{CF8A9537-636B-4F03-99E9-6F60E77FCB7C}.Release|Any CPU.Build.0 = Release|Any CPU
	EndGlobalSection
	GlobalSection(SolutionProperties) = preSolution
		HideSolutionNode = FALSE
	EndGlobalSection
	GlobalSection(ExtensibilityGlobals) = postSolution
		SolutionGuid = {7C21E952-D77B-4BC7-B92D-5E903D38B479}
	EndGlobalSection
EndGlobal
